
Microsoft Visual Studio Solution File, Format Version 12.00
# Visual Studio Version 17
VisualStudioVersion = 17.0.31919.166
MinimumVisualStudioVersion = 10.0.40219.1
Project("{8BC9CEB8-8B4A-11D0-8D11-00A0C91BC942}") = "Chapter1", "Chapter1\Chapter1.vcxproj", "{BB9BC957-7A62-4E1E-AF1C-9D85DF91EDBF}"
EndProject
Global
	GlobalSection(SolutionConfigurationPlatforms) = preSolution
		Debug|x64 = Debug|x64
		Debug|x86 = Debug|x86
		Release|x64 = Release|x64
		Release|x86 = Release|x86
	EndGlobalSection
	GlobalSection(ProjectConfigurationPlatforms) = postSolution
		{BB9BC957-7A62-4E1E-AF1C-9D85DF91EDBF}.Debug|x64.ActiveCfg = Debug|x64
		{BB9BC957-7A62-4E1E-AF1C-9D85DF91EDBF}.Debug|x64.Build.0 = Debug|x64
		{BB9BC957-7A62-4E1E-AF1C-9D85DF91EDBF}.Debug|x86.ActiveCfg = Debug|Win32
		{BB9BC957-7A62-4E1E-AF1C-9D85DF91EDBF}.Debug|x86.Build.0 = Debug|Win32
		{BB9BC957-7A62-4E1E-AF1C-9D85DF91EDBF}.Release|x64.ActiveCfg = Release|x64
		{BB9BC957-7A62-4E1E-AF1C-9D85DF91EDBF}.Release|x64.Build.0 = Release|x64
		{BB9BC957-7A62-4E1E-AF1C-9D85DF91EDBF}.Release|x86.ActiveCfg = Release|Win32
		{BB9BC957-7A62-4E1E-AF1C-9D85DF91EDBF}.Release|x86.Build.0 = Release|Win32
	EndGlobalSection
	GlobalSection(SolutionProperties) = preSolution
		HideSolutionNode = FALSE
	EndGlobalSection
	GlobalSection(ExtensibilityGlobals) = postSolution
		SolutionGuid = {CFE576C4-D1D6-4D59-8871-E64152F58AB6}
	EndGlobalSection
EndGlobal
